
Microsoft Visual Studio Solution File, Format Version 12.00
# Visual Studio Version 17
VisualStudioVersion = 17.9.34622.214
MinimumVisualStudioVersion = 10.0.40219.1
Project("{8BC9CEB8-8B4A-11D0-8D11-00A0C91BC942}") = "Pacman", "Pacman.vcxproj", "{09D3AA3A-0716-40B1-97AC-4116E3DE056F}"
EndProject
Global
	GlobalSection(SolutionConfigurationPlatforms) = preSolution
		Debug|x64 = Debug|x64
		Debug|x86 = Debug|x86
		Release|x64 = Release|x64
		Release|x86 = Release|x86
	EndGlobalSection
	GlobalSection(ProjectConfigurationPlatforms) = postSolution
		{09D3AA3A-0716-40B1-97AC-4116E3DE056F}.Debug|x64.ActiveCfg = Debug|x64
		{09D3AA3A-0716-40B1-97AC-4116E3DE056F}.Debug|x64.Build.0 = Debug|x64
		{09D3AA3A-0716-40B1-97AC-4116E3DE056F}.Debug|x86.ActiveCfg = Debug|Win32
		{09D3AA3A-0716-40B1-97AC-4116E3DE056F}.Debug|x86.Build.0 = Debug|Win32
		{09D3AA3A-0716-40B1-97AC-4116E3DE056F}.Release|x64.ActiveCfg = Release|x64
		{09D3AA3A-0716-40B1-97AC-4116E3DE056F}.Release|x64.Build.0 = Release|x64
		{09D3AA3A-0716-40B1-97AC-4116E3DE056F}.Release|x86.ActiveCfg = Release|Win32
		{09D3AA3A-0716-40B1-97AC-4116E3DE056F}.Release|x86.Build.0 = Release|Win32
	EndGlobalSection
	GlobalSection(SolutionProperties) = preSolution
		HideSolutionNode = FALSE
	EndGlobalSection
	GlobalSection(ExtensibilityGlobals) = postSolution
		SolutionGuid = {76B24568-90D5-43E0-9477-E7CB3B84F0E2}
	EndGlobalSection
EndGlobal
